
Microsoft Visual Studio Solution File, Format Version 12.00
# Visual Studio Version 17
VisualStudioVersion = 17.2.32602.215
MinimumVisualStudioVersion = 10.0.40219.1
Project("{FAE04EC0-301F-11D3-BF4B-00C04F79EFBC}") = "Paraglider.AspNetCore.Identity.Web", "Paraglider.AspNetCore.Identity\Paraglider.AspNetCore.Identity.Web\Paraglider.AspNetCore.Identity.Web.csproj", "{3CA55437-D28E-4184-B9E8-BF4A53E0D269}"
EndProject
Project("{FAE04EC0-301F-11D3-BF4B-00C04F79EFBC}") = "Paraglider.AspNetCore.Identity.Domain", "Paraglider.AspNetCore.Identity\Paraglider.AspNetCore.Identity.Domain\Paraglider.AspNetCore.Identity.Domain.csproj", "{FC2DD838-CE50-46D2-A0A1-ACAD34789447}"
EndProject
Project("{FAE04EC0-301F-11D3-BF4B-00C04F79EFBC}") = "Paraglider.AspNetCore.Identity.Infrastructure", "Paraglider.AspNetCore.Identity\Paraglider.AspNetCore.Identity.Infrastructure\Paraglider.AspNetCore.Identity.Infrastructure.csproj", "{BC9C044F-2C90-4336-BFAF-F417E4C52C2F}"
EndProject
Global
	GlobalSection(SolutionConfigurationPlatforms) = preSolution
		Debug|Any CPU = Debug|Any CPU
		Release|Any CPU = Release|Any CPU
	EndGlobalSection
	GlobalSection(ProjectConfigurationPlatforms) = postSolution
		{3CA55437-D28E-4184-B9E8-BF4A53E0D269}.Debug|Any CPU.ActiveCfg = Debug|Any CPU
		{3CA55437-D28E-4184-B9E8-BF4A53E0D269}.Debug|Any CPU.Build.0 = Debug|Any CPU
		{3CA55437-D28E-4184-B9E8-BF4A53E0D269}.Release|Any CPU.ActiveCfg = Release|Any CPU
		{3CA55437-D28E-4184-B9E8-BF4A53E0D269}.Release|Any CPU.Build.0 = Release|Any CPU
		{FC2DD838-CE50-46D2-A0A1-ACAD34789447}.Debug|Any CPU.ActiveCfg = Debug|Any CPU
		{FC2DD838-CE50-46D2-A0A1-ACAD34789447}.Debug|Any CPU.Build.0 = Debug|Any CPU
		{FC2DD838-CE50-46D2-A0A1-ACAD34789447}.Release|Any CPU.ActiveCfg = Release|Any CPU
		{FC2DD838-CE50-46D2-A0A1-ACAD34789447}.Release|Any CPU.Build.0 = Release|Any CPU
		{BC9C044F-2C90-4336-BFAF-F417E4C52C2F}.Debug|Any CPU.ActiveCfg = Debug|Any CPU
		{BC9C044F-2C90-4336-BFAF-F417E4C52C2F}.Debug|Any CPU.Build.0 = Debug|Any CPU
		{BC9C044F-2C90-4336-BFAF-F417E4C52C2F}.Release|Any CPU.ActiveCfg = Release|Any CPU
		{BC9C044F-2C90-4336-BFAF-F417E4C52C2F}.Release|Any CPU.Build.0 = Release|Any CPU
	EndGlobalSection
	GlobalSection(SolutionProperties) = preSolution
		HideSolutionNode = FALSE
	EndGlobalSection
	GlobalSection(ExtensibilityGlobals) = postSolution
		SolutionGuid = {F4D5E558-541B-4569-BAF2-341EEDD5C1EE}
	EndGlobalSection
EndGlobal
